
Microsoft Visual Studio Solution File, Format Version 12.00
# Visual Studio Version 16
VisualStudioVersion = 16.0.34601.136
MinimumVisualStudioVersion = 10.0.40219.1
Project("{FAE04EC0-301F-11D3-BF4B-00C04F79EFBC}") = "Method Class Assignment", "Method Class Assignment\Method Class Assignment.csproj", "{A2B9307B-46D1-43CC-8BDE-E71AD15CA271}"
EndProject
Global
	GlobalSection(SolutionConfigurationPlatforms) = preSolution
		Debug|Any CPU = Debug|Any CPU
		Release|Any CPU = Release|Any CPU
	EndGlobalSection
	GlobalSection(ProjectConfigurationPlatforms) = postSolution
		{A2B9307B-46D1-43CC-8BDE-E71AD15CA271}.Debug|Any CPU.ActiveCfg = Debug|Any CPU
		{A2B9307B-46D1-43CC-8BDE-E71AD15CA271}.Debug|Any CPU.Build.0 = Debug|Any CPU
		{A2B9307B-46D1-43CC-8BDE-E71AD15CA271}.Release|Any CPU.ActiveCfg = Release|Any CPU
		{A2B9307B-46D1-43CC-8BDE-E71AD15CA271}.Release|Any CPU.Build.0 = Release|Any CPU
	EndGlobalSection
	GlobalSection(SolutionProperties) = preSolution
		HideSolutionNode = FALSE
	EndGlobalSection
	GlobalSection(ExtensibilityGlobals) = postSolution
		SolutionGuid = {D380A788-CB1D-471A-BA1D-057E8A6FB6B7}
	EndGlobalSection
EndGlobal
